
Microsoft Visual Studio Solution File, Format Version 12.00
# Visual Studio 15
VisualStudioVersion = 15.0.28307.1062
MinimumVisualStudioVersion = 10.0.40219.1
Project("{FAE04EC0-301F-11D3-BF4B-00C04F79EFBC}") = "Caso7", "Caso7\Caso7.csproj", "{E599D04B-614C-4C99-9A79-7FD9FAAD234F}"
EndProject
Project("{FAE04EC0-301F-11D3-BF4B-00C04F79EFBC}") = "BaseDatos", "BaseDatos\BaseDatos.csproj", "{BF3ADD14-AF3D-4431-BC2A-5CB077AEA3D6}"
EndProject
Global
	GlobalSection(SolutionConfigurationPlatforms) = preSolution
		Debug|Any CPU = Debug|Any CPU
		Release|Any CPU = Release|Any CPU
	EndGlobalSection
	GlobalSection(ProjectConfigurationPlatforms) = postSolution
		{E599D04B-614C-4C99-9A79-7FD9FAAD234F}.Debug|Any CPU.ActiveCfg = Debug|Any CPU
		{E599D04B-614C-4C99-9A79-7FD9FAAD234F}.Debug|Any CPU.Build.0 = Debug|Any CPU
		{E599D04B-614C-4C99-9A79-7FD9FAAD234F}.Release|Any CPU.ActiveCfg = Release|Any CPU
		{E599D04B-614C-4C99-9A79-7FD9FAAD234F}.Release|Any CPU.Build.0 = Release|Any CPU
		{BF3ADD14-AF3D-4431-BC2A-5CB077AEA3D6}.Debug|Any CPU.ActiveCfg = Debug|Any CPU
		{BF3ADD14-AF3D-4431-BC2A-5CB077AEA3D6}.Debug|Any CPU.Build.0 = Debug|Any CPU
		{BF3ADD14-AF3D-4431-BC2A-5CB077AEA3D6}.Release|Any CPU.ActiveCfg = Release|Any CPU
		{BF3ADD14-AF3D-4431-BC2A-5CB077AEA3D6}.Release|Any CPU.Build.0 = Release|Any CPU
	EndGlobalSection
	GlobalSection(SolutionProperties) = preSolution
		HideSolutionNode = FALSE
	EndGlobalSection
	GlobalSection(ExtensibilityGlobals) = postSolution
		SolutionGuid = {B57C9D2D-FAB0-44FE-B3EB-EFB82DB556BD}
	EndGlobalSection
EndGlobal
